
Microsoft Visual Studio Solution File, Format Version 12.00
# Visual Studio 15
VisualStudioVersion = 15.0.28307.572
MinimumVisualStudioVersion = 10.0.40219.1
Project("{FAE04EC0-301F-11D3-BF4B-00C04F79EFBC}") = "Dze", "src\Dze\Dze.csproj", "{347B5CE5-C121-464F-BDD6-3A6552B7400A}"
EndProject
Project("{FAE04EC0-301F-11D3-BF4B-00C04F79EFBC}") = "Dze.AspNetCore", "src\Dze.AspNetCore\Dze.AspNetCore.csproj", "{5F97E5CA-E07E-441F-BC5E-102A87E96392}"
EndProject
Project("{FAE04EC0-301F-11D3-BF4B-00C04F79EFBC}") = "Dze.AutoMapper", "src\Dze.AutoMapper\Dze.AutoMapper.csproj", "{FF41E00C-96DF-4279-B86F-702D402BFCB0}"
EndProject
Project("{2150E333-8FDC-42A3-9474-1A3956D46DE8}") = "src", "src", "{CBFBECC9-211D-4286-84BE-FCBBE2BF2A56}"
EndProject
Project("{2150E333-8FDC-42A3-9474-1A3956D46DE8}") = "test", "test", "{879AB105-EF4E-4CDB-91A6-30F1D511D7C3}"
EndProject
Project("{FAE04EC0-301F-11D3-BF4B-00C04F79EFBC}") = "Dze.EntityFrameworkCore", "src\Dze.EntityFrameworkCore\Dze.EntityFrameworkCore.csproj", "{FCE4D0D2-EF5B-47FB-A495-BBA17E0AD408}"
EndProject
Project("{FAE04EC0-301F-11D3-BF4B-00C04F79EFBC}") = "Dze.EntityFrameworkCore.SqlServer", "src\Dze.EntityFrameworkCore.SqlServer\Dze.EntityFrameworkCore.SqlServer.csproj", "{13DE44CD-66C8-4D4B-A34C-A007F52672E5}"
EndProject
Project("{FAE04EC0-301F-11D3-BF4B-00C04F79EFBC}") = "Dze.Exceptionless", "src\Dze.Exceptionless\Dze.Exceptionless.csproj", "{EBFA9AC1-B4CD-4F42-996E-E8F44891F628}"
EndProject
Project("{FAE04EC0-301F-11D3-BF4B-00C04F79EFBC}") = "Dze.Log4Net", "src\Dze.Log4Net\Dze.Log4Net.csproj", "{7CABB2CB-4F38-4266-8A41-CAC0812A2C71}"
EndProject
Project("{FAE04EC0-301F-11D3-BF4B-00C04F79EFBC}") = "Dze.Permissions", "src\Dze.Permissions\Dze.Permissions.csproj", "{1BA6D70B-8625-4757-B706-EE6F7F2E46ED}"
EndProject
Project("{9A19103F-16F7-4668-BE54-9A1E7A4F7556}") = "Dze.Hangfire", "src\Dze.Hangfire\Dze.Hangfire.csproj", "{FCB50B05-938B-44A3-A3B7-52346CB72190}"
EndProject
Project("{9A19103F-16F7-4668-BE54-9A1E7A4F7556}") = "Dze.MiniProfiler", "src\Dze.MiniProfiler\Dze.MiniProfiler.csproj", "{3DE3089C-DE87-4E1D-A9C6-42EB572AE56C}"
EndProject
Project("{FAE04EC0-301F-11D3-BF4B-00C04F79EFBC}") = "Dze.Redis", "src\Dze.Redis\Dze.Redis.csproj", "{1D67CF50-4EDD-4262-A064-252B3748940D}"
EndProject
Project("{FAE04EC0-301F-11D3-BF4B-00C04F79EFBC}") = "Dze.RabbitMQ", "src\Dze.RabbitMQ\Dze.RabbitMQ.csproj", "{A98D3F6A-7BB8-441B-9370-B43CFC123123}"
EndProject
Project("{9A19103F-16F7-4668-BE54-9A1E7A4F7556}") = "Dze.Mongo", "src\Dze.Mongo\Dze.Mongo.csproj", "{FDC3A8F7-62B6-471E-B5AA-94F927CB10F3}"
EndProject
Project("{9A19103F-16F7-4668-BE54-9A1E7A4F7556}") = "Dze.Swagger", "src\Dze.Swagger\Dze.Swagger.csproj", "{FE3A8A43-8C51-40A0-9480-3301F0EDDC61}"
EndProject
Global
	GlobalSection(SolutionConfigurationPlatforms) = preSolution
		Debug|Any CPU = Debug|Any CPU
		Release|Any CPU = Release|Any CPU
	EndGlobalSection
	GlobalSection(ProjectConfigurationPlatforms) = postSolution
		{347B5CE5-C121-464F-BDD6-3A6552B7400A}.Debug|Any CPU.ActiveCfg = Debug|Any CPU
		{347B5CE5-C121-464F-BDD6-3A6552B7400A}.Debug|Any CPU.Build.0 = Debug|Any CPU
		{347B5CE5-C121-464F-BDD6-3A6552B7400A}.Release|Any CPU.ActiveCfg = Release|Any CPU
		{347B5CE5-C121-464F-BDD6-3A6552B7400A}.Release|Any CPU.Build.0 = Release|Any CPU
		{5F97E5CA-E07E-441F-BC5E-102A87E96392}.Debug|Any CPU.ActiveCfg = Debug|Any CPU
		{5F97E5CA-E07E-441F-BC5E-102A87E96392}.Debug|Any CPU.Build.0 = Debug|Any CPU
		{5F97E5CA-E07E-441F-BC5E-102A87E96392}.Release|Any CPU.ActiveCfg = Release|Any CPU
		{5F97E5CA-E07E-441F-BC5E-102A87E96392}.Release|Any CPU.Build.0 = Release|Any CPU
		{FF41E00C-96DF-4279-B86F-702D402BFCB0}.Debug|Any CPU.ActiveCfg = Debug|Any CPU
		{FF41E00C-96DF-4279-B86F-702D402BFCB0}.Debug|Any CPU.Build.0 = Debug|Any CPU
		{FF41E00C-96DF-4279-B86F-702D402BFCB0}.Release|Any CPU.ActiveCfg = Release|Any CPU
		{FF41E00C-96DF-4279-B86F-702D402BFCB0}.Release|Any CPU.Build.0 = Release|Any CPU
		{FCE4D0D2-EF5B-47FB-A495-BBA17E0AD408}.Debug|Any CPU.ActiveCfg = Debug|Any CPU
		{FCE4D0D2-EF5B-47FB-A495-BBA17E0AD408}.Debug|Any CPU.Build.0 = Debug|Any CPU
		{FCE4D0D2-EF5B-47FB-A495-BBA17E0AD408}.Release|Any CPU.ActiveCfg = Release|Any CPU
		{FCE4D0D2-EF5B-47FB-A495-BBA17E0AD408}.Release|Any CPU.Build.0 = Release|Any CPU
		{13DE44CD-66C8-4D4B-A34C-A007F52672E5}.Debug|Any CPU.ActiveCfg = Debug|Any CPU
		{13DE44CD-66C8-4D4B-A34C-A007F52672E5}.Debug|Any CPU.Build.0 = Debug|Any CPU
		{13DE44CD-66C8-4D4B-A34C-A007F52672E5}.Release|Any CPU.ActiveCfg = Release|Any CPU
		{13DE44CD-66C8-4D4B-A34C-A007F52672E5}.Release|Any CPU.Build.0 = Release|Any CPU
		{EBFA9AC1-B4CD-4F42-996E-E8F44891F628}.Debug|Any CPU.ActiveCfg = Debug|Any CPU
		{EBFA9AC1-B4CD-4F42-996E-E8F44891F628}.Debug|Any CPU.Build.0 = Debug|Any CPU
		{EBFA9AC1-B4CD-4F42-996E-E8F44891F628}.Release|Any CPU.ActiveCfg = Release|Any CPU
		{EBFA9AC1-B4CD-4F42-996E-E8F44891F628}.Release|Any CPU.Build.0 = Release|Any CPU
		{7CABB2CB-4F38-4266-8A41-CAC0812A2C71}.Debug|Any CPU.ActiveCfg = Debug|Any CPU
		{7CABB2CB-4F38-4266-8A41-CAC0812A2C71}.Debug|Any CPU.Build.0 = Debug|Any CPU
		{7CABB2CB-4F38-4266-8A41-CAC0812A2C71}.Release|Any CPU.ActiveCfg = Release|Any CPU
		{7CABB2CB-4F38-4266-8A41-CAC0812A2C71}.Release|Any CPU.Build.0 = Release|Any CPU
		{1BA6D70B-8625-4757-B706-EE6F7F2E46ED}.Debug|Any CPU.ActiveCfg = Debug|Any CPU
		{1BA6D70B-8625-4757-B706-EE6F7F2E46ED}.Debug|Any CPU.Build.0 = Debug|Any CPU
		{1BA6D70B-8625-4757-B706-EE6F7F2E46ED}.Release|Any CPU.ActiveCfg = Release|Any CPU
		{1BA6D70B-8625-4757-B706-EE6F7F2E46ED}.Release|Any CPU.Build.0 = Release|Any CPU
		{FCB50B05-938B-44A3-A3B7-52346CB72190}.Debug|Any CPU.ActiveCfg = Debug|Any CPU
		{FCB50B05-938B-44A3-A3B7-52346CB72190}.Debug|Any CPU.Build.0 = Debug|Any CPU
		{FCB50B05-938B-44A3-A3B7-52346CB72190}.Release|Any CPU.ActiveCfg = Release|Any CPU
		{FCB50B05-938B-44A3-A3B7-52346CB72190}.Release|Any CPU.Build.0 = Release|Any CPU
		{3DE3089C-DE87-4E1D-A9C6-42EB572AE56C}.Debug|Any CPU.ActiveCfg = Debug|Any CPU
		{3DE3089C-DE87-4E1D-A9C6-42EB572AE56C}.Debug|Any CPU.Build.0 = Debug|Any CPU
		{3DE3089C-DE87-4E1D-A9C6-42EB572AE56C}.Release|Any CPU.ActiveCfg = Release|Any CPU
		{3DE3089C-DE87-4E1D-A9C6-42EB572AE56C}.Release|Any CPU.Build.0 = Release|Any CPU
		{1D67CF50-4EDD-4262-A064-252B3748940D}.Debug|Any CPU.ActiveCfg = Debug|Any CPU
		{1D67CF50-4EDD-4262-A064-252B3748940D}.Debug|Any CPU.Build.0 = Debug|Any CPU
		{1D67CF50-4EDD-4262-A064-252B3748940D}.Release|Any CPU.ActiveCfg = Release|Any CPU
		{1D67CF50-4EDD-4262-A064-252B3748940D}.Release|Any CPU.Build.0 = Release|Any CPU
		{A98D3F6A-7BB8-441B-9370-B43CFC123123}.Debug|Any CPU.ActiveCfg = Debug|Any CPU
		{A98D3F6A-7BB8-441B-9370-B43CFC123123}.Debug|Any CPU.Build.0 = Debug|Any CPU
		{A98D3F6A-7BB8-441B-9370-B43CFC123123}.Release|Any CPU.ActiveCfg = Release|Any CPU
		{A98D3F6A-7BB8-441B-9370-B43CFC123123}.Release|Any CPU.Build.0 = Release|Any CPU
		{FDC3A8F7-62B6-471E-B5AA-94F927CB10F3}.Debug|Any CPU.ActiveCfg = Debug|Any CPU
		{FDC3A8F7-62B6-471E-B5AA-94F927CB10F3}.Debug|Any CPU.Build.0 = Debug|Any CPU
		{FDC3A8F7-62B6-471E-B5AA-94F927CB10F3}.Release|Any CPU.ActiveCfg = Release|Any CPU
		{FDC3A8F7-62B6-471E-B5AA-94F927CB10F3}.Release|Any CPU.Build.0 = Release|Any CPU
		{FE3A8A43-8C51-40A0-9480-3301F0EDDC61}.Debug|Any CPU.ActiveCfg = Debug|Any CPU
		{FE3A8A43-8C51-40A0-9480-3301F0EDDC61}.Debug|Any CPU.Build.0 = Debug|Any CPU
		{FE3A8A43-8C51-40A0-9480-3301F0EDDC61}.Release|Any CPU.ActiveCfg = Release|Any CPU
		{FE3A8A43-8C51-40A0-9480-3301F0EDDC61}.Release|Any CPU.Build.0 = Release|Any CPU
	EndGlobalSection
	GlobalSection(SolutionProperties) = preSolution
		HideSolutionNode = FALSE
	EndGlobalSection
	GlobalSection(NestedProjects) = preSolution
		{347B5CE5-C121-464F-BDD6-3A6552B7400A} = {CBFBECC9-211D-4286-84BE-FCBBE2BF2A56}
		{5F97E5CA-E07E-441F-BC5E-102A87E96392} = {CBFBECC9-211D-4286-84BE-FCBBE2BF2A56}
		{FF41E00C-96DF-4279-B86F-702D402BFCB0} = {CBFBECC9-211D-4286-84BE-FCBBE2BF2A56}
		{FCE4D0D2-EF5B-47FB-A495-BBA17E0AD408} = {CBFBECC9-211D-4286-84BE-FCBBE2BF2A56}
		{13DE44CD-66C8-4D4B-A34C-A007F52672E5} = {CBFBECC9-211D-4286-84BE-FCBBE2BF2A56}
		{EBFA9AC1-B4CD-4F42-996E-E8F44891F628} = {CBFBECC9-211D-4286-84BE-FCBBE2BF2A56}
		{7CABB2CB-4F38-4266-8A41-CAC0812A2C71} = {CBFBECC9-211D-4286-84BE-FCBBE2BF2A56}
		{1BA6D70B-8625-4757-B706-EE6F7F2E46ED} = {CBFBECC9-211D-4286-84BE-FCBBE2BF2A56}
		{FCB50B05-938B-44A3-A3B7-52346CB72190} = {CBFBECC9-211D-4286-84BE-FCBBE2BF2A56}
		{3DE3089C-DE87-4E1D-A9C6-42EB572AE56C} = {CBFBECC9-211D-4286-84BE-FCBBE2BF2A56}
		{1D67CF50-4EDD-4262-A064-252B3748940D} = {CBFBECC9-211D-4286-84BE-FCBBE2BF2A56}
		{A98D3F6A-7BB8-441B-9370-B43CFC123123} = {CBFBECC9-211D-4286-84BE-FCBBE2BF2A56}
		{FDC3A8F7-62B6-471E-B5AA-94F927CB10F3} = {CBFBECC9-211D-4286-84BE-FCBBE2BF2A56}
		{FE3A8A43-8C51-40A0-9480-3301F0EDDC61} = {CBFBECC9-211D-4286-84BE-FCBBE2BF2A56}
	EndGlobalSection
	GlobalSection(ExtensibilityGlobals) = postSolution
		SolutionGuid = {F8D45373-ED96-4414-BB72-40F83D3D6E1F}
	EndGlobalSection
EndGlobal
